
Microsoft Visual Studio Solution File, Format Version 12.00
# Visual Studio 2013
VisualStudioVersion = 12.0.21005.1
MinimumVisualStudioVersion = 10.0.40219.1
Project("{FAE04EC0-301F-11D3-BF4B-00C04F79EFBC}") = "TravelBookApplication", "TravelBookApplication\TravelBookApplication.csproj", "{D26DA9C7-8EF5-49BA-BAA7-A76DA56D52CD}"
EndProject
Project("{FAE04EC0-301F-11D3-BF4B-00C04F79EFBC}") = "TravelBookApplication.Tests", "TravelBookApplication.Tests\TravelBookApplication.Tests.csproj", "{04B95540-AAEB-4139-BD7F-68C14D33432C}"
EndProject
Global
	GlobalSection(SolutionConfigurationPlatforms) = preSolution
		Debug|Any CPU = Debug|Any CPU
		Release|Any CPU = Release|Any CPU
	EndGlobalSection
	GlobalSection(ProjectConfigurationPlatforms) = postSolution
		{D26DA9C7-8EF5-49BA-BAA7-A76DA56D52CD}.Debug|Any CPU.ActiveCfg = Debug|Any CPU
		{D26DA9C7-8EF5-49BA-BAA7-A76DA56D52CD}.Debug|Any CPU.Build.0 = Debug|Any CPU
		{D26DA9C7-8EF5-49BA-BAA7-A76DA56D52CD}.Release|Any CPU.ActiveCfg = Release|Any CPU
		{D26DA9C7-8EF5-49BA-BAA7-A76DA56D52CD}.Release|Any CPU.Build.0 = Release|Any CPU
		{04B95540-AAEB-4139-BD7F-68C14D33432C}.Debug|Any CPU.ActiveCfg = Debug|Any CPU
		{04B95540-AAEB-4139-BD7F-68C14D33432C}.Debug|Any CPU.Build.0 = Debug|Any CPU
		{04B95540-AAEB-4139-BD7F-68C14D33432C}.Release|Any CPU.ActiveCfg = Release|Any CPU
		{04B95540-AAEB-4139-BD7F-68C14D33432C}.Release|Any CPU.Build.0 = Release|Any CPU
	EndGlobalSection
	GlobalSection(SolutionProperties) = preSolution
		HideSolutionNode = FALSE
	EndGlobalSection
EndGlobal
